
Microsoft Visual Studio Solution File, Format Version 12.00
# Visual Studio Version 17
VisualStudioVersion = 17.11.35219.272
MinimumVisualStudioVersion = 10.0.40219.1
Project("{FAE04EC0-301F-11D3-BF4B-00C04F79EFBC}") = "Autenticacion", "Autenticacion.csproj", "{A6D2FBB6-8A4D-4DBC-97B0-50E68127F37E}"
EndProject
Global
	GlobalSection(SolutionConfigurationPlatforms) = preSolution
		Debug|Any CPU = Debug|Any CPU
		Release|Any CPU = Release|Any CPU
	EndGlobalSection
	GlobalSection(ProjectConfigurationPlatforms) = postSolution
		{A6D2FBB6-8A4D-4DBC-97B0-50E68127F37E}.Debug|Any CPU.ActiveCfg = Debug|Any CPU
		{A6D2FBB6-8A4D-4DBC-97B0-50E68127F37E}.Debug|Any CPU.Build.0 = Debug|Any CPU
		{A6D2FBB6-8A4D-4DBC-97B0-50E68127F37E}.Release|Any CPU.ActiveCfg = Release|Any CPU
		{A6D2FBB6-8A4D-4DBC-97B0-50E68127F37E}.Release|Any CPU.Build.0 = Release|Any CPU
	EndGlobalSection
	GlobalSection(SolutionProperties) = preSolution
		HideSolutionNode = FALSE
	EndGlobalSection
	GlobalSection(ExtensibilityGlobals) = postSolution
		SolutionGuid = {C0C4E27B-EB2D-4DE4-BF07-B7983800EDF7}
	EndGlobalSection
EndGlobal
